// !$*UTF8*$!
{
	archiveVersion = 1;
	classes = {
	};
	objectVersion = 46;
	objects = {

/* Begin PBXBuildFile section */
		02FBBEF0165227BA005E0173 /* Cocoa.framework in Frameworks */ = {isa = PBXBuildFile; fileRef = 02FBBEEF165227BA005E0173 /* Cocoa.framework */; };
		02FBBEFA165227BA005E0173 /* InfoPlist.strings in Resources */ = {isa = PBXBuildFile; fileRef = 02FBBEF8165227BA005E0173 /* InfoPlist.strings */; };
		02FBBF06165227E8005E0173 /* BatteryMenuExtra.m in Sources */ = {isa = PBXBuildFile; fileRef = 02FBBF02165227E8005E0173 /* BatteryMenuExtra.m */; };
		02FBBF09165228A2005E0173 /* SystemUIPlugin.framework in Frameworks */ = {isa = PBXBuildFile; fileRef = 02FBBF08165228A2005E0173 /* SystemUIPlugin.framework */; };
		02FBBF1B16522F2A005E0173 /* ImageFilter.m in Sources */ = {isa = PBXBuildFile; fileRef = 02FBBF1A16522F2A005E0173 /* ImageFilter.m */; };
		02FBBF1E16522F8F005E0173 /* Quartz.framework in Frameworks */ = {isa = PBXBuildFile; fileRef = 02FBBF1D16522F8F005E0173 /* Quartz.framework */; };
		02FBBF2016523033005E0173 /* IOKit.framework in Frameworks */ = {isa = PBXBuildFile; fileRef = 02FBBF1F16523033005E0173 /* IOKit.framework */; };
		02FBBF22165233AB005E0173 /* Localizable.strings in Resources */ = {isa = PBXBuildFile; fileRef = 02FBBF21165233AB005E0173 /* Localizable.strings */; };
		02FBBF26165233BB005E0173 /* Readme.md in Resources */ = {isa = PBXBuildFile; fileRef = 02FBBF25165233BB005E0173 /* Readme.md */; };
		02FBBF3716523760005E0173 /* BatteryMenuExtraView.m in Sources */ = {isa = PBXBuildFile; fileRef = 02FBBF3616523760005E0173 /* BatteryMenuExtraView.m */; };
/* End PBXBuildFile section */

/* Begin PBXFileReference section */
		02FBBEEC165227BA005E0173 /* Battery Time Remaining.menu */ = {isa = PBXFileReference; explicitFileType = wrapper.cfbundle; includeInIndex = 0; path = "Battery Time Remaining.menu"; sourceTree = BUILT_PRODUCTS_DIR; };
		02FBBEEF165227BA005E0173 /* Cocoa.framework */ = {isa = PBXFileReference; lastKnownFileType = wrapper.framework; name = Cocoa.framework; path = System/Library/Frameworks/Cocoa.framework; sourceTree = SDKROOT; };
		02FBBEF2165227BA005E0173 /* AppKit.framework */ = {isa = PBXFileReference; lastKnownFileType = wrapper.framework; name = AppKit.framework; path = System/Library/Frameworks/AppKit.framework; sourceTree = SDKROOT; };
		02FBBEF3165227BA005E0173 /* CoreData.framework */ = {isa = PBXFileReference; lastKnownFileType = wrapper.framework; name = CoreData.framework; path = System/Library/Frameworks/CoreData.framework; sourceTree = SDKROOT; };
		02FBBEF4165227BA005E0173 /* Foundation.framework */ = {isa = PBXFileReference; lastKnownFileType = wrapper.framework; name = Foundation.framework; path = System/Library/Frameworks/Foundation.framework; sourceTree = SDKROOT; };
		02FBBEF7165227BA005E0173 /* Battery Time Remaining-Info.plist */ = {isa = PBXFileReference; lastKnownFileType = text.plist.xml; path = "Battery Time Remaining-Info.plist"; sourceTree = "<group>"; };
		02FBBEF9165227BA005E0173 /* en */ = {isa = PBXFileReference; lastKnownFileType = text.plist.strings; name = en; path = en.lproj/InfoPlist.strings; sourceTree = "<group>"; };
		02FBBEFB165227BA005E0173 /* Battery Time Remaining-Prefix.pch */ = {isa = PBXFileReference; lastKnownFileType = sourcecode.c.h; path = "Battery Time Remaining-Prefix.pch"; sourceTree = "<group>"; };
		02FBBF01165227E8005E0173 /* BatteryMenuExtra.h */ = {isa = PBXFileReference; fileEncoding = 4; lastKnownFileType = sourcecode.c.h; path = BatteryMenuExtra.h; sourceTree = "<group>"; };
		02FBBF02165227E8005E0173 /* BatteryMenuExtra.m */ = {isa = PBXFileReference; fileEncoding = 4; lastKnownFileType = sourcecode.c.objc; path = BatteryMenuExtra.m; sourceTree = "<group>"; };
		02FBBF05165227E8005E0173 /* SystemUIPlugin.h */ = {isa = PBXFileReference; fileEncoding = 4; lastKnownFileType = sourcecode.c.h; path = SystemUIPlugin.h; sourceTree = "<group>"; };
		02FBBF08165228A2005E0173 /* SystemUIPlugin.framework */ = {isa = PBXFileReference; lastKnownFileType = wrapper.framework; name = SystemUIPlugin.framework; path = System/Library/PrivateFrameworks/SystemUIPlugin.framework; sourceTree = SDKROOT; };
		02FBBF1A16522F2A005E0173 /* ImageFilter.m */ = {isa = PBXFileReference; fileEncoding = 4; lastKnownFileType = sourcecode.c.objc; path = ImageFilter.m; sourceTree = "<group>"; };
		02FBBF1C16522F2D005E0173 /* ImageFilter.h */ = {isa = PBXFileReference; lastKnownFileType = sourcecode.c.h; path = ImageFilter.h; sourceTree = "<group>"; };
		02FBBF1D16522F8F005E0173 /* Quartz.framework */ = {isa = PBXFileReference; lastKnownFileType = wrapper.framework; name = Quartz.framework; path = System/Library/Frameworks/Quartz.framework; sourceTree = SDKROOT; };
		02FBBF1F16523033005E0173 /* IOKit.framework */ = {isa = PBXFileReference; lastKnownFileType = wrapper.framework; name = IOKit.framework; path = System/Library/Frameworks/IOKit.framework; sourceTree = SDKROOT; };
		02FBBF21165233AB005E0173 /* Localizable.strings */ = {isa = PBXFileReference; fileEncoding = 4; lastKnownFileType = text.plist.strings; path = Localizable.strings; sourceTree = "<group>"; };
		02FBBF25165233BB005E0173 /* Readme.md */ = {isa = PBXFileReference; fileEncoding = 4; lastKnownFileType = text; path = Readme.md; sourceTree = "<group>"; };
		02FBBF3516523760005E0173 /* BatteryMenuExtraView.h */ = {isa = PBXFileReference; fileEncoding = 4; lastKnownFileType = sourcecode.c.h; path = BatteryMenuExtraView.h; sourceTree = "<group>"; };
		02FBBF3616523760005E0173 /* BatteryMenuExtraView.m */ = {isa = PBXFileReference; fileEncoding = 4; lastKnownFileType = sourcecode.c.objc; path = BatteryMenuExtraView.m; sourceTree = "<group>"; };
/* End PBXFileReference section */

/* Begin PBXFrameworksBuildPhase section */
		02FBBEE9165227BA005E0173 /* Frameworks */ = {
			isa = PBXFrameworksBuildPhase;
			buildActionMask = 2147483647;
			files = (
				02FBBF2016523033005E0173 /* IOKit.framework in Frameworks */,
				02FBBF1E16522F8F005E0173 /* Quartz.framework in Frameworks */,
				02FBBF09165228A2005E0173 /* SystemUIPlugin.framework in Frameworks */,
				02FBBEF0165227BA005E0173 /* Cocoa.framework in Frameworks */,
			);
			runOnlyForDeploymentPostprocessing = 0;
		};
/* End PBXFrameworksBuildPhase section */

/* Begin PBXGroup section */
		02FBBEE1165227BA005E0173 = {
			isa = PBXGroup;
			children = (
				02FBBEF5165227BA005E0173 /* Battery Time Remaining */,
				02FBBEEE165227BA005E0173 /* Frameworks */,
				02FBBEED165227BA005E0173 /* Products */,
			);
			sourceTree = "<group>";
		};
		02FBBEED165227BA005E0173 /* Products */ = {
			isa = PBXGroup;
			children = (
				02FBBEEC165227BA005E0173 /* Battery Time Remaining.menu */,
			);
			name = Products;
			sourceTree = "<group>";
		};
		02FBBEEE165227BA005E0173 /* Frameworks */ = {
			isa = PBXGroup;
			children = (
				02FBBF1F16523033005E0173 /* IOKit.framework */,
				02FBBF1D16522F8F005E0173 /* Quartz.framework */,
				02FBBF08165228A2005E0173 /* SystemUIPlugin.framework */,
				02FBBEEF165227BA005E0173 /* Cocoa.framework */,
				02FBBEF1165227BA005E0173 /* Other Frameworks */,
			);
			name = Frameworks;
			sourceTree = "<group>";
		};
		02FBBEF1165227BA005E0173 /* Other Frameworks */ = {
			isa = PBXGroup;
			children = (
				02FBBEF2165227BA005E0173 /* AppKit.framework */,
				02FBBEF3165227BA005E0173 /* CoreData.framework */,
				02FBBEF4165227BA005E0173 /* Foundation.framework */,
			);
			name = "Other Frameworks";
			sourceTree = "<group>";
		};
		02FBBEF5165227BA005E0173 /* Battery Time Remaining */ = {
			isa = PBXGroup;
			children = (
				02FBBF01165227E8005E0173 /* BatteryMenuExtra.h */,
				02FBBF02165227E8005E0173 /* BatteryMenuExtra.m */,
				02FBBF3516523760005E0173 /* BatteryMenuExtraView.h */,
				02FBBF3616523760005E0173 /* BatteryMenuExtraView.m */,
				02FBBF1C16522F2D005E0173 /* ImageFilter.h */,
				02FBBF1A16522F2A005E0173 /* ImageFilter.m */,
				02FBBF05165227E8005E0173 /* SystemUIPlugin.h */,
				02FBBEF6165227BA005E0173 /* Supporting Files */,
			);
			path = "Battery Time Remaining";
			sourceTree = "<group>";
		};
		02FBBEF6165227BA005E0173 /* Supporting Files */ = {
			isa = PBXGroup;
			children = (
				02FBBF21165233AB005E0173 /* Localizable.strings */,
				02FBBF25165233BB005E0173 /* Readme.md */,
				02FBBEF7165227BA005E0173 /* Battery Time Remaining-Info.plist */,
				02FBBEF8165227BA005E0173 /* InfoPlist.strings */,
				02FBBEFB165227BA005E0173 /* Battery Time Remaining-Prefix.pch */,
			);
			name = "Supporting Files";
			sourceTree = "<group>";
		};
/* End PBXGroup section */

/* Begin PBXNativeTarget section */
		02FBBEEB165227BA005E0173 /* Battery Time Remaining */ = {
			isa = PBXNativeTarget;
			buildConfigurationList = 02FBBEFE165227BA005E0173 /* Build configuration list for PBXNativeTarget "Battery Time Remaining" */;
			buildPhases = (
				02FBBEE8165227BA005E0173 /* Sources */,
				02FBBEE9165227BA005E0173 /* Frameworks */,
				02FBBEEA165227BA005E0173 /* Resources */,
			);
			buildRules = (
			);
			dependencies = (
			);
			name = "Battery Time Remaining";
			productName = BatteryTimeRemaining;
			productReference = 02FBBEEC165227BA005E0173 /* Battery Time Remaining.menu */;
			productType = "com.apple.product-type.bundle";
		};
/* End PBXNativeTarget section */

/* Begin PBXProject section */
		02FBBEE3165227BA005E0173 /* Project object */ = {
			isa = PBXProject;
			attributes = {
				LastUpgradeCheck = 0450;
				ORGANIZATIONNAME = "Squish Software";
			};
			buildConfigurationList = 02FBBEE6165227BA005E0173 /* Build configuration list for PBXProject "Battery Time Remaining" */;
			compatibilityVersion = "Xcode 3.2";
			developmentRegion = English;
			hasScannedForEncodings = 0;
			knownRegions = (
				en,
				de,
			);
			mainGroup = 02FBBEE1165227BA005E0173;
			productRefGroup = 02FBBEED165227BA005E0173 /* Products */;
			projectDirPath = "";
			projectRoot = "";
			targets = (
				02FBBEEB165227BA005E0173 /* Battery Time Remaining */,
			);
		};
/* End PBXProject section */

/* Begin PBXResourcesBuildPhase section */
		02FBBEEA165227BA005E0173 /* Resources */ = {
			isa = PBXResourcesBuildPhase;
			buildActionMask = 2147483647;
			files = (
				02FBBEFA165227BA005E0173 /* InfoPlist.strings in Resources */,
				02FBBF22165233AB005E0173 /* Localizable.strings in Resources */,
				02FBBF26165233BB005E0173 /* Readme.md in Resources */,
			);
			runOnlyForDeploymentPostprocessing = 0;
		};
/* End PBXResourcesBuildPhase section */

/* Begin PBXSourcesBuildPhase section */
		02FBBEE8165227BA005E0173 /* Sources */ = {
			isa = PBXSourcesBuildPhase;
			buildActionMask = 2147483647;
			files = (
				02FBBF06165227E8005E0173 /* BatteryMenuExtra.m in Sources */,
				02FBBF1B16522F2A005E0173 /* ImageFilter.m in Sources */,
				02FBBF3716523760005E0173 /* BatteryMenuExtraView.m in Sources */,
			);
			runOnlyForDeploymentPostprocessing = 0;
		};
/* End PBXSourcesBuildPhase section */

/* Begin PBXVariantGroup section */
		02FBBEF8165227BA005E0173 /* InfoPlist.strings */ = {
			isa = PBXVariantGroup;
			children = (
				02FBBEF9165227BA005E0173 /* en */,
			);
			name = InfoPlist.strings;
			sourceTree = "<group>";
		};
/* End PBXVariantGroup section */

/* Begin XCBuildConfiguration section */
		02FBBEFC165227BA005E0173 /* Debug */ = {
			isa = XCBuildConfiguration;
			buildSettings = {
				ALWAYS_SEARCH_USER_PATHS = NO;
				ARCHS = "$(ARCHS_STANDARD_64_BIT)";
				CLANG_CXX_LANGUAGE_STANDARD = "gnu++0x";
				CLANG_CXX_LIBRARY = "libc++";
				CLANG_WARN_EMPTY_BODY = YES;
				CLANG_WARN__DUPLICATE_METHOD_MATCH = YES;
				COPY_PHASE_STRIP = NO;
				GCC_C_LANGUAGE_STANDARD = gnu99;
				GCC_DYNAMIC_NO_PIC = NO;
				GCC_ENABLE_OBJC_EXCEPTIONS = YES;
				GCC_OPTIMIZATION_LEVEL = 0;
				GCC_PREPROCESSOR_DEFINITIONS = (
					"DEBUG=1",
					"$(inherited)",
				);
				GCC_SYMBOLS_PRIVATE_EXTERN = NO;
				GCC_WARN_64_TO_32_BIT_CONVERSION = YES;
				GCC_WARN_ABOUT_RETURN_TYPE = YES;
				GCC_WARN_UNINITIALIZED_AUTOS = YES;
				GCC_WARN_UNUSED_VARIABLE = YES;
				MACOSX_DEPLOYMENT_TARGET = 10.7;
				ONLY_ACTIVE_ARCH = YES;
				SDKROOT = macosx;
			};
			name = Debug;
		};
		02FBBEFD165227BA005E0173 /* Release */ = {
			isa = XCBuildConfiguration;
			buildSettings = {
				ALWAYS_SEARCH_USER_PATHS = NO;
				ARCHS = "$(ARCHS_STANDARD_64_BIT)";
				CLANG_CXX_LANGUAGE_STANDARD = "gnu++0x";
				CLANG_CXX_LIBRARY = "libc++";
				CLANG_WARN_EMPTY_BODY = YES;
				CLANG_WARN__DUPLICATE_METHOD_MATCH = YES;
				COPY_PHASE_STRIP = YES;
				DEBUG_INFORMATION_FORMAT = "dwarf-with-dsym";
				GCC_C_LANGUAGE_STANDARD = gnu99;
				GCC_ENABLE_OBJC_EXCEPTIONS = YES;
				GCC_WARN_64_TO_32_BIT_CONVERSION = YES;
				GCC_WARN_ABOUT_RETURN_TYPE = YES;
				GCC_WARN_UNINITIALIZED_AUTOS = YES;
				GCC_WARN_UNUSED_VARIABLE = YES;
				MACOSX_DEPLOYMENT_TARGET = 10.7;
				SDKROOT = macosx;
			};
			name = Release;
		};
		02FBBEFF165227BA005E0173 /* Debug */ = {
			isa = XCBuildConfiguration;
			buildSettings = {
				CLANG_ENABLE_OBJC_ARC = YES;
				COMBINE_HIDPI_IMAGES = YES;
				FRAMEWORK_SEARCH_PATHS = (
					"$(inherited)",
					"\"$(SDKROOT)$(SYSTEM_LIBRARY_DIR)/PrivateFrameworks\"",
				);
				GCC_PRECOMPILE_PREFIX_HEADER = YES;
				GCC_PREFIX_HEADER = "Battery Time Remaining/Battery Time Remaining-Prefix.pch";
				INFOPLIST_FILE = "Battery Time Remaining/Battery Time Remaining-Info.plist";
				INSTALL_PATH = "$(LOCAL_LIBRARY_DIR)/Bundles";
				PRODUCT_NAME = "Battery Time Remaining";
				WRAPPER_EXTENSION = menu;
			};
			name = Debug;
		};
		02FBBF00165227BA005E0173 /* Release */ = {
			isa = XCBuildConfiguration;
			buildSettings = {
				CLANG_ENABLE_OBJC_ARC = YES;
				COMBINE_HIDPI_IMAGES = YES;
				FRAMEWORK_SEARCH_PATHS = (
					"$(inherited)",
					"\"$(SDKROOT)$(SYSTEM_LIBRARY_DIR)/PrivateFrameworks\"",
				);
				GCC_PRECOMPILE_PREFIX_HEADER = YES;
				GCC_PREFIX_HEADER = "Battery Time Remaining/Battery Time Remaining-Prefix.pch";
				INFOPLIST_FILE = "Battery Time Remaining/Battery Time Remaining-Info.plist";
				INSTALL_PATH = "$(LOCAL_LIBRARY_DIR)/Bundles";
				PRODUCT_NAME = "Battery Time Remaining";
				WRAPPER_EXTENSION = menu;
			};
			name = Release;
		};
/* End XCBuildConfiguration section */

/* Begin XCConfigurationList section */
		02FBBEE6165227BA005E0173 /* Build configuration list for PBXProject "Battery Time Remaining" */ = {
			isa = XCConfigurationList;
			buildConfigurations = (
				02FBBEFC165227BA005E0173 /* Debug */,
				02FBBEFD165227BA005E0173 /* Release */,
			);
			defaultConfigurationIsVisible = 0;
			defaultConfigurationName = Release;
		};
		02FBBEFE165227BA005E0173 /* Build configuration list for PBXNativeTarget "Battery Time Remaining" */ = {
			isa = XCConfigurationList;
			buildConfigurations = (
				02FBBEFF165227BA005E0173 /* Debug */,
				02FBBF00165227BA005E0173 /* Release */,
			);
			defaultConfigurationIsVisible = 0;
			defaultConfigurationName = Release;
		};
/* End XCConfigurationList section */
	};
	rootObject = 02FBBEE3165227BA005E0173 /* Project object */;
}
